
Microsoft Visual Studio Solution File, Format Version 12.00
# Visual Studio 15
Project("{FAE04EC0-301F-11D3-BF4B-00C04F79EFBC}") = "SimpleCalculator", "SimpleCalculator.csproj", "{A04213F8-9C10-43B6-8FAE-0992D49394B6}"
EndProject
Global
	GlobalSection(SolutionConfigurationPlatforms) = preSolution
		Debug|Any CPU = Debug|Any CPU
		Release|Any CPU = Release|Any CPU
	EndGlobalSection
	GlobalSection(ProjectConfigurationPlatforms) = postSolution
		{A04213F8-9C10-43B6-8FAE-0992D49394B6}.Debug|Any CPU.ActiveCfg = Debug|Any CPU
		{A04213F8-9C10-43B6-8FAE-0992D49394B6}.Debug|Any CPU.Build.0 = Debug|Any CPU
		{A04213F8-9C10-43B6-8FAE-0992D49394B6}.Release|Any CPU.ActiveCfg = Release|Any CPU
		{A04213F8-9C10-43B6-8FAE-0992D49394B6}.Release|Any CPU.Build.0 = Release|Any CPU
	EndGlobalSection
EndGlobal
